
Microsoft Visual Studio Solution File, Format Version 12.00
# Visual Studio Version 17
VisualStudioVersion = 17.9.34616.47
MinimumVisualStudioVersion = 10.0.40219.1
Project("{8BC9CEB8-8B4A-11D0-8D11-00A0C91BC942}") = "PointerDanFriendClass_124", "PointerDanFriendClass_124\PointerDanFriendClass_124.vcxproj", "{08408A69-804B-4356-8AE1-353598B0F793}"
EndProject
Project("{8BC9CEB8-8B4A-11D0-8D11-00A0C91BC942}") = "FriendClass", "FriendClass\FriendClass.vcxproj", "{A90EF035-D9E5-491A-A11D-51AE75AE8467}"
EndProject
Project("{8BC9CEB8-8B4A-11D0-8D11-00A0C91BC942}") = "FrindFuction", "FrindFuction\FrindFuction.vcxproj", "{F151EEAA-C3C2-4BF5-B205-F7F34BB99594}"
EndProject
Global
	GlobalSection(SolutionConfigurationPlatforms) = preSolution
		Debug|x64 = Debug|x64
		Debug|x86 = Debug|x86
		Release|x64 = Release|x64
		Release|x86 = Release|x86
	EndGlobalSection
	GlobalSection(ProjectConfigurationPlatforms) = postSolution
		{08408A69-804B-4356-8AE1-353598B0F793}.Debug|x64.ActiveCfg = Debug|x64
		{08408A69-804B-4356-8AE1-353598B0F793}.Debug|x64.Build.0 = Debug|x64
		{08408A69-804B-4356-8AE1-353598B0F793}.Debug|x86.ActiveCfg = Debug|Win32
		{08408A69-804B-4356-8AE1-353598B0F793}.Debug|x86.Build.0 = Debug|Win32
		{08408A69-804B-4356-8AE1-353598B0F793}.Release|x64.ActiveCfg = Release|x64
		{08408A69-804B-4356-8AE1-353598B0F793}.Release|x64.Build.0 = Release|x64
		{08408A69-804B-4356-8AE1-353598B0F793}.Release|x86.ActiveCfg = Release|Win32
		{08408A69-804B-4356-8AE1-353598B0F793}.Release|x86.Build.0 = Release|Win32
		{A90EF035-D9E5-491A-A11D-51AE75AE8467}.Debug|x64.ActiveCfg = Debug|x64
		{A90EF035-D9E5-491A-A11D-51AE75AE8467}.Debug|x64.Build.0 = Debug|x64
		{A90EF035-D9E5-491A-A11D-51AE75AE8467}.Debug|x86.ActiveCfg = Debug|Win32
		{A90EF035-D9E5-491A-A11D-51AE75AE8467}.Debug|x86.Build.0 = Debug|Win32
		{A90EF035-D9E5-491A-A11D-51AE75AE8467}.Release|x64.ActiveCfg = Release|x64
		{A90EF035-D9E5-491A-A11D-51AE75AE8467}.Release|x64.Build.0 = Release|x64
		{A90EF035-D9E5-491A-A11D-51AE75AE8467}.Release|x86.ActiveCfg = Release|Win32
		{A90EF035-D9E5-491A-A11D-51AE75AE8467}.Release|x86.Build.0 = Release|Win32
		{F151EEAA-C3C2-4BF5-B205-F7F34BB99594}.Debug|x64.ActiveCfg = Debug|x64
		{F151EEAA-C3C2-4BF5-B205-F7F34BB99594}.Debug|x64.Build.0 = Debug|x64
		{F151EEAA-C3C2-4BF5-B205-F7F34BB99594}.Debug|x86.ActiveCfg = Debug|Win32
		{F151EEAA-C3C2-4BF5-B205-F7F34BB99594}.Debug|x86.Build.0 = Debug|Win32
		{F151EEAA-C3C2-4BF5-B205-F7F34BB99594}.Release|x64.ActiveCfg = Release|x64
		{F151EEAA-C3C2-4BF5-B205-F7F34BB99594}.Release|x64.Build.0 = Release|x64
		{F151EEAA-C3C2-4BF5-B205-F7F34BB99594}.Release|x86.ActiveCfg = Release|Win32
		{F151EEAA-C3C2-4BF5-B205-F7F34BB99594}.Release|x86.Build.0 = Release|Win32
	EndGlobalSection
	GlobalSection(SolutionProperties) = preSolution
		HideSolutionNode = FALSE
	EndGlobalSection
	GlobalSection(ExtensibilityGlobals) = postSolution
		SolutionGuid = {9640B35C-1F56-4C42-8899-7E1FA8BE5495}
	EndGlobalSection
EndGlobal
